
Microsoft Visual Studio Solution File, Format Version 12.00
# Visual Studio Version 16
VisualStudioVersion = 16.0.29503.13
MinimumVisualStudioVersion = 10.0.40219.1
Project("{9A19103F-16F7-4668-BE54-9A1E7A4F7556}") = "IO.Swagger", "src\IO.Swagger\IO.Swagger.csproj", "{AB5C3498-19FF-4333-B4C1-F4FD7837889A}"
EndProject
Global
	GlobalSection(SolutionConfigurationPlatforms) = preSolution
		Debug|Any CPU = Debug|Any CPU
		Release|Any CPU = Release|Any CPU
	EndGlobalSection
	GlobalSection(ProjectConfigurationPlatforms) = postSolution
		{AB5C3498-19FF-4333-B4C1-F4FD7837889A}.Debug|Any CPU.ActiveCfg = Debug|Any CPU
		{AB5C3498-19FF-4333-B4C1-F4FD7837889A}.Debug|Any CPU.Build.0 = Debug|Any CPU
		{AB5C3498-19FF-4333-B4C1-F4FD7837889A}.Release|Any CPU.ActiveCfg = Release|Any CPU
		{AB5C3498-19FF-4333-B4C1-F4FD7837889A}.Release|Any CPU.Build.0 = Release|Any CPU
	EndGlobalSection
	GlobalSection(SolutionProperties) = preSolution
		HideSolutionNode = FALSE
	EndGlobalSection
	GlobalSection(ExtensibilityGlobals) = postSolution
		SolutionGuid = {3A1CCEA5-E584-4213-A7F2-BBBA68880195}
	EndGlobalSection
EndGlobal
